
Microsoft Visual Studio Solution File, Format Version 12.00
# Visual Studio 15
VisualStudioVersion = 15.0.28307.271
MinimumVisualStudioVersion = 10.0.40219.1
Project("{8BC9CEB8-8B4A-11D0-8D11-00A0C91BC942}") = "bos5", "bos5\bos5.vcxproj", "{C33F3A2F-D4D9-416E-B973-128EA0F9DEBF}"
EndProject
Global
	GlobalSection(SolutionConfigurationPlatforms) = preSolution
		Debug|x64 = Debug|x64
		Debug|x86 = Debug|x86
		Release|x64 = Release|x64
		Release|x86 = Release|x86
	EndGlobalSection
	GlobalSection(ProjectConfigurationPlatforms) = postSolution
		{C33F3A2F-D4D9-416E-B973-128EA0F9DEBF}.Debug|x64.ActiveCfg = Debug|x64
		{C33F3A2F-D4D9-416E-B973-128EA0F9DEBF}.Debug|x64.Build.0 = Debug|x64
		{C33F3A2F-D4D9-416E-B973-128EA0F9DEBF}.Debug|x86.ActiveCfg = Debug|Win32
		{C33F3A2F-D4D9-416E-B973-128EA0F9DEBF}.Debug|x86.Build.0 = Debug|Win32
		{C33F3A2F-D4D9-416E-B973-128EA0F9DEBF}.Release|x64.ActiveCfg = Release|x64
		{C33F3A2F-D4D9-416E-B973-128EA0F9DEBF}.Release|x64.Build.0 = Release|x64
		{C33F3A2F-D4D9-416E-B973-128EA0F9DEBF}.Release|x86.ActiveCfg = Release|Win32
		{C33F3A2F-D4D9-416E-B973-128EA0F9DEBF}.Release|x86.Build.0 = Release|Win32
	EndGlobalSection
	GlobalSection(SolutionProperties) = preSolution
		HideSolutionNode = FALSE
	EndGlobalSection
	GlobalSection(ExtensibilityGlobals) = postSolution
		SolutionGuid = {52222EC2-516E-4F5E-BCFE-82FCE83160B7}
	EndGlobalSection
EndGlobal
